
Microsoft Visual Studio Solution File, Format Version 12.00
# Visual Studio Version 17
VisualStudioVersion = 17.13.35931.197
MinimumVisualStudioVersion = 10.0.40219.1
Project("{FAE04EC0-301F-11D3-BF4B-00C04F79EFBC}") = "MagicVilla_VillaApi", "MagicVilla_VillaApi\MagicVilla_VillaApi.csproj", "{7597C1E5-EC55-497F-AF82-E48D2FC08399}"
EndProject
Project("{2150E333-8FDC-42A3-9474-1A3956D46DE8}") = "Solution Items", "Solution Items", "{8EC462FD-D22E-90A8-E5CE-7E832BA40C5D}"
	ProjectSection(SolutionItems) = preProject
		Script1.js = Script1.js
	EndProjectSection
EndProject
Global
	GlobalSection(SolutionConfigurationPlatforms) = preSolution
		Debug|Any CPU = Debug|Any CPU
		Release|Any CPU = Release|Any CPU
	EndGlobalSection
	GlobalSection(ProjectConfigurationPlatforms) = postSolution
		{7597C1E5-EC55-497F-AF82-E48D2FC08399}.Debug|Any CPU.ActiveCfg = Debug|Any CPU
		{7597C1E5-EC55-497F-AF82-E48D2FC08399}.Debug|Any CPU.Build.0 = Debug|Any CPU
		{7597C1E5-EC55-497F-AF82-E48D2FC08399}.Release|Any CPU.ActiveCfg = Release|Any CPU
		{7597C1E5-EC55-497F-AF82-E48D2FC08399}.Release|Any CPU.Build.0 = Release|Any CPU
	EndGlobalSection
	GlobalSection(SolutionProperties) = preSolution
		HideSolutionNode = FALSE
	EndGlobalSection
	GlobalSection(ExtensibilityGlobals) = postSolution
		SolutionGuid = {3A32083A-0FA0-4212-B31E-2D78DCDA1474}
	EndGlobalSection
EndGlobal
